{
  "nodes": {
    "bin": {
      "inputs": {
        "flake-parts": "flake-parts",
        "nixpkgs": [
          "nixpkgs"
        ]
      },
      "locked": {
        "lastModified": 1730829751,
        "narHash": "sha256-qESBP6HsR5LrI65TVFO8+yw63U7Q5o7PFhighIECtrs=",
        "owner": "joinemm",
        "repo": "bin",
        "rev": "d47e031876d4dacc8344808e7e68666739d34cad",
        "type": "github"
      },
      "original": {
        "owner": "joinemm",
        "repo": "bin",
        "type": "github"
      }
    },
    "deploy-rs": {
      "inputs": {
        "flake-compat": [],
        "nixpkgs": [
          "nixpkgs"
        ],
        "utils": [
          "flake-utils"
        ]
      },
      "locked": {
        "lastModified": 1727447169,
        "narHash": "sha256-3KyjMPUKHkiWhwR91J1YchF6zb6gvckCAY1jOE+ne0U=",
        "owner": "serokell",
        "repo": "deploy-rs",
        "rev": "aa07eb05537d4cd025e2310397a6adcedfe72c76",
        "type": "github"
      },
      "original": {
        "owner": "serokell",
        "repo": "deploy-rs",
        "type": "github"
      }
    },
    "devshell": {
      "inputs": {
        "nixpkgs": [
          "nixarr",
          "nixpkgs"
        ]
      },
      "locked": {
        "lastModified": 1722113426,
        "narHash": "sha256-Yo/3loq572A8Su6aY5GP56knpuKYRvM2a1meP9oJZCw=",
        "owner": "numtide",
        "repo": "devshell",
        "rev": "67cce7359e4cd3c45296fb4aaf6a19e2a9c757ae",
        "type": "github"
      },
      "original": {
        "owner": "numtide",
        "repo": "devshell",
        "type": "github"
      }
    },
    "disko": {
      "inputs": {
        "nixpkgs": [
          "nixpkgs"
        ]
      },
      "locked": {
        "lastModified": 1730751873,
        "narHash": "sha256-sdY29RWz0S7VbaoTwSy6RummdHKf0wUTaBlqPxrtvmQ=",
        "owner": "nix-community",
        "repo": "disko",
        "rev": "856a2902156ba304efebd4c1096dbf7465569454",
        "type": "github"
      },
      "original": {
        "owner": "nix-community",
        "repo": "disko",
        "type": "github"
      }
    },
    "flake-parts": {
      "inputs": {
        "nixpkgs-lib": "nixpkgs-lib"
      },
      "locked": {
        "lastModified": 1727826117,
        "narHash": "sha256-K5ZLCyfO/Zj9mPFldf3iwS6oZStJcU4tSpiXTMYaaL0=",
        "owner": "hercules-ci",
        "repo": "flake-parts",
        "rev": "3d04084d54bedc3d6b8b736c70ef449225c361b1",
        "type": "github"
      },
      "original": {
        "owner": "hercules-ci",
        "repo": "flake-parts",
        "type": "github"
      }
    },
    "flake-parts_2": {
      "inputs": {
        "nixpkgs-lib": [
          "nixpkgs"
        ]
      },
      "locked": {
        "lastModified": 1730504689,
        "narHash": "sha256-hgmguH29K2fvs9szpq2r3pz2/8cJd2LPS+b4tfNFCwE=",
        "owner": "hercules-ci",
        "repo": "flake-parts",
        "rev": "506278e768c2a08bec68eb62932193e341f55c90",
        "type": "github"
      },
      "original": {
        "owner": "hercules-ci",
        "repo": "flake-parts",
        "type": "github"
      }
    },
    "flake-parts_3": {
      "inputs": {
        "nixpkgs-lib": [
          "nixarr",
          "vpnconfinement",
          "nixpkgs"
        ]
      },
      "locked": {
        "lastModified": 1717285511,
        "narHash": "sha256-iKzJcpdXih14qYVcZ9QC9XuZYnPc6T8YImb6dX166kw=",
        "owner": "hercules-ci",
        "repo": "flake-parts",
        "rev": "2a55567fcf15b1b1c7ed712a2c6fadaec7412ea8",
        "type": "github"
      },
      "original": {
        "owner": "hercules-ci",
        "repo": "flake-parts",
        "type": "github"
      }
    },
    "flake-root": {
      "locked": {
        "lastModified": 1723604017,
        "narHash": "sha256-rBtQ8gg+Dn4Sx/s+pvjdq3CB2wQNzx9XGFq/JVGCB6k=",
        "owner": "srid",
        "repo": "flake-root",
        "rev": "b759a56851e10cb13f6b8e5698af7b59c44be26e",
        "type": "github"
      },
      "original": {
        "owner": "srid",
        "repo": "flake-root",
        "type": "github"
      }
    },
    "flake-root_2": {
      "locked": {
        "lastModified": 1723604017,
        "narHash": "sha256-rBtQ8gg+Dn4Sx/s+pvjdq3CB2wQNzx9XGFq/JVGCB6k=",
        "owner": "srid",
        "repo": "flake-root",
        "rev": "b759a56851e10cb13f6b8e5698af7b59c44be26e",
        "type": "github"
      },
      "original": {
        "owner": "srid",
        "repo": "flake-root",
        "type": "github"
      }
    },
    "flake-utils": {
      "inputs": {
        "systems": "systems"
      },
      "locked": {
        "lastModified": 1726560853,
        "narHash": "sha256-X6rJYSESBVr3hBoH0WbKE5KvhPU5bloyZ2L4K60/fPQ=",
        "owner": "numtide",
        "repo": "flake-utils",
        "rev": "c1dfcf08411b08f6b8615f7d8971a2bfa81d5e8a",
        "type": "github"
      },
      "original": {
        "owner": "numtide",
        "repo": "flake-utils",
        "type": "github"
      }
    },
    "home-manager": {
      "inputs": {
        "nixpkgs": [
          "nixpkgs"
        ]
      },
      "locked": {
        "lastModified": 1730633670,
        "narHash": "sha256-ZFJqIXpvVKvzOVFKWNRDyIyAo+GYdmEPaYi1bZB6uf0=",
        "owner": "nix-community",
        "repo": "home-manager",
        "rev": "8f6ca7855d409aeebe2a582c6fd6b6a8d0bf5661",
        "type": "github"
      },
      "original": {
        "owner": "nix-community",
        "repo": "home-manager",
        "type": "github"
      }
    },
    "nix-gaming": {
      "inputs": {
        "flake-parts": [
          "flake-parts"
        ],
        "nixpkgs": "nixpkgs",
        "umu": "umu"
      },
      "locked": {
        "lastModified": 1730770711,
        "narHash": "sha256-UHm56cW/04efHY4NgboGFOXliGQCqRRY+l1HM7c8/Ms=",
        "owner": "fufexan",
        "repo": "nix-gaming",
        "rev": "0c25376479d11073346ed22de8571805543ede71",
        "type": "github"
      },
      "original": {
        "owner": "fufexan",
        "repo": "nix-gaming",
        "type": "github"
      }
    },
    "nix-github-actions": {
      "inputs": {
        "nixpkgs": [
          "nixpkgs"
        ]
      },
      "locked": {
        "lastModified": 1729742964,
        "narHash": "sha256-B4mzTcQ0FZHdpeWcpDYPERtyjJd/NIuaQ9+BV1h+MpA=",
        "owner": "nix-community",
        "repo": "nix-github-actions",
        "rev": "e04df33f62cdcf93d73e9a04142464753a16db67",
        "type": "github"
      },
      "original": {
        "owner": "nix-community",
        "repo": "nix-github-actions",
        "type": "github"
      }
    },
    "nix-index-database": {
      "inputs": {
        "nixpkgs": [
          "nixpkgs"
        ]
      },
      "locked": {
        "lastModified": 1730604744,
        "narHash": "sha256-/MK6QU4iOozJ4oHTfZipGtOgaT/uy/Jm4foCqHQeYR4=",
        "owner": "Mic92",
        "repo": "nix-index-database",
        "rev": "cc2ddbf2df8ef7cc933543b1b42b845ee4772318",
        "type": "github"
      },
      "original": {
        "owner": "Mic92",
        "repo": "nix-index-database",
        "type": "github"
      }
    },
    "nixarr": {
      "inputs": {
        "devshell": "devshell",
        "flake-parts": [
          "flake-parts"
        ],
        "flake-root": "flake-root_2",
        "nixpkgs": [
          "nixpkgs"
        ],
        "submerger": [
          "submerger"
        ],
        "treefmt-nix": [
          "treefmt-nix"
        ],
        "vpnconfinement": "vpnconfinement"
      },
      "locked": {
        "lastModified": 1726847117,
        "narHash": "sha256-fBxizpL5SJIgzh5mIeUWghHr5437jUc+BLu8dOwnDZo=",
        "owner": "rasmus-kirk",
        "repo": "nixarr",
        "rev": "a3fad60dd2f5110536eb13f24e7529b2506ade6d",
        "type": "github"
      },
      "original": {
        "owner": "rasmus-kirk",
        "repo": "nixarr",
        "type": "github"
      }
    },
    "nixcord": {
      "inputs": {
        "flake-compat": [],
        "nixpkgs": [
          "nixpkgs"
        ]
      },
      "locked": {
        "lastModified": 1730720546,
        "narHash": "sha256-5147A6X0MH6u/YDxLe+Nnva3oxfLQanC716LarG/uoo=",
        "owner": "kaylorben",
        "repo": "nixcord",
        "rev": "e3e27c77316f7526b1a846778ae9c759c9377611",
        "type": "github"
      },
      "original": {
        "owner": "kaylorben",
        "repo": "nixcord",
        "type": "github"
      }
    },
    "nixos-hardware": {
      "locked": {
        "lastModified": 1730828750,
        "narHash": "sha256-XrnZLkLiBYNlwV5gus/8DT7nncF1TS5la6Be7rdVOpI=",
        "owner": "nixos",
        "repo": "nixos-hardware",
        "rev": "2e78b1af8025108ecd6edaa3ab09695b8a4d3d55",
        "type": "github"
      },
      "original": {
        "owner": "nixos",
        "repo": "nixos-hardware",
        "type": "github"
      }
    },
    "nixpkgs": {
      "locked": {
        "lastModified": 1730272153,
        "narHash": "sha256-B5WRZYsRlJgwVHIV6DvidFN7VX7Fg9uuwkRW9Ha8z+w=",
        "owner": "NixOS",
        "repo": "nixpkgs",
        "rev": "2d2a9ddbe3f2c00747398f3dc9b05f7f2ebb0f53",
        "type": "github"
      },
      "original": {
        "owner": "NixOS",
        "ref": "nixpkgs-unstable",
        "repo": "nixpkgs",
        "type": "github"
      }
    },
    "nixpkgs-lib": {
      "locked": {
        "lastModified": 1727825735,
        "narHash": "sha256-0xHYkMkeLVQAMa7gvkddbPqpxph+hDzdu1XdGPJR+Os=",
        "type": "tarball",
        "url": "https://github.com/NixOS/nixpkgs/archive/fb192fec7cc7a4c26d51779e9bab07ce6fa5597a.tar.gz"
      },
      "original": {
        "type": "tarball",
        "url": "https://github.com/NixOS/nixpkgs/archive/fb192fec7cc7a4c26d51779e9bab07ce6fa5597a.tar.gz"
      }
    },
    "nixpkgs-old": {
      "locked": {
        "lastModified": 1729709865,
        "narHash": "sha256-c8kNlXEJpZ6eyCY9ghi666RwWYJCpyLKboNnWP7SQhw=",
        "owner": "NixOS",
        "repo": "nixpkgs",
        "rev": "dd50f99e26d30c115ae970e51103f89fde5d2b44",
        "type": "github"
      },
      "original": {
        "owner": "NixOS",
        "repo": "nixpkgs",
        "rev": "dd50f99e26d30c115ae970e51103f89fde5d2b44",
        "type": "github"
      }
    },
    "nixpkgs-stable": {
      "locked": {
        "lastModified": 1730602179,
        "narHash": "sha256-efgLzQAWSzJuCLiCaQUCDu4NudNlHdg2NzGLX5GYaEY=",
        "owner": "NixOS",
        "repo": "nixpkgs",
        "rev": "3c2f1c4ca372622cb2f9de8016c9a0b1cbd0f37c",
        "type": "github"
      },
      "original": {
        "owner": "NixOS",
        "ref": "release-24.05",
        "repo": "nixpkgs",
        "type": "github"
      }
    },
    "nixpkgs_2": {
      "locked": {
        "lastModified": 1730531603,
        "narHash": "sha256-Dqg6si5CqIzm87sp57j5nTaeBbWhHFaVyG7V6L8k3lY=",
        "owner": "NixOS",
        "repo": "nixpkgs",
        "rev": "7ffd9ae656aec493492b44d0ddfb28e79a1ea25d",
        "type": "github"
      },
      "original": {
        "owner": "NixOS",
        "ref": "nixos-unstable",
        "repo": "nixpkgs",
        "type": "github"
      }
    },
    "nixvim": {
      "inputs": {
        "devshell": [],
        "flake-compat": [],
        "flake-parts": [
          "flake-parts"
        ],
        "git-hooks": [],
        "home-manager": [],
        "nix-darwin": [],
        "nixpkgs": [
          "nixpkgs"
        ],
        "nuschtosSearch": [],
        "treefmt-nix": []
      },
      "locked": {
        "lastModified": 1730792264,
        "narHash": "sha256-Ue3iywjyaNOxXgw7esVSBX3bZzM2bSPubZamYsBKIG8=",
        "owner": "nix-community",
        "repo": "nixvim",
        "rev": "3d24cb72618738130e6af9c644c81fe42aa34ebc",
        "type": "github"
      },
      "original": {
        "owner": "nix-community",
        "repo": "nixvim",
        "type": "github"
      }
    },
    "root": {
      "inputs": {
        "bin": "bin",
        "deploy-rs": "deploy-rs",
        "disko": "disko",
        "flake-parts": "flake-parts_2",
        "flake-root": "flake-root",
        "flake-utils": "flake-utils",
        "home-manager": "home-manager",
        "nix-gaming": "nix-gaming",
        "nix-github-actions": "nix-github-actions",
        "nix-index-database": "nix-index-database",
        "nixarr": "nixarr",
        "nixcord": "nixcord",
        "nixos-hardware": "nixos-hardware",
        "nixpkgs": "nixpkgs_2",
        "nixpkgs-old": "nixpkgs-old",
        "nixvim": "nixvim",
        "rust-overlay": "rust-overlay",
        "sops-nix": "sops-nix",
        "submerger": "submerger",
        "treefmt-nix": "treefmt-nix",
        "zen-browser": "zen-browser",
        "zmk-nix": "zmk-nix"
      }
    },
    "rust-overlay": {
      "inputs": {
        "nixpkgs": [
          "nixpkgs"
        ]
      },
      "locked": {
        "lastModified": 1730773675,
        "narHash": "sha256-pULo7GryzLkqGveWvnNWVz1Kk6EJqvq+HQeSkwvr7DA=",
        "owner": "oxalica",
        "repo": "rust-overlay",
        "rev": "e19e9d54fac1e53f73411ebe22d19f946b1ba0bd",
        "type": "github"
      },
      "original": {
        "owner": "oxalica",
        "repo": "rust-overlay",
        "type": "github"
      }
    },
    "sops-nix": {
      "inputs": {
        "nixpkgs": [
          "nixpkgs"
        ],
        "nixpkgs-stable": "nixpkgs-stable"
      },
      "locked": {
        "lastModified": 1730746162,
        "narHash": "sha256-ZGmI+3AbT8NkDdBQujF+HIxZ+sWXuyT6X8B49etWY2g=",
        "owner": "mic92",
        "repo": "sops-nix",
        "rev": "59d6988329626132eaf107761643f55eb979eef1",
        "type": "github"
      },
      "original": {
        "owner": "mic92",
        "repo": "sops-nix",
        "type": "github"
      }
    },
    "submerger": {
      "inputs": {
        "nixpkgs": [
          "nixpkgs"
        ],
        "rust-overlay": [
          "rust-overlay"
        ]
      },
      "locked": {
        "lastModified": 1729941594,
        "narHash": "sha256-edy337w7tQ8dsEEl/gHfgyXCufghUVh3/plT+wqZOZ4=",
        "owner": "rasmus-kirk",
        "repo": "submerger",
        "rev": "9956bc9e91a5bcc56c63bb0a6cbb39b1632b49c6",
        "type": "github"
      },
      "original": {
        "owner": "rasmus-kirk",
        "repo": "submerger",
        "type": "github"
      }
    },
    "systems": {
      "locked": {
        "lastModified": 1681028828,
        "narHash": "sha256-Vy1rq5AaRuLzOxct8nz4T6wlgyUR7zLU309k9mBC768=",
        "owner": "nix-systems",
        "repo": "default",
        "rev": "da67096a3b9bf56a91d16901293e51ba5b49a27e",
        "type": "github"
      },
      "original": {
        "owner": "nix-systems",
        "repo": "default",
        "type": "github"
      }
    },
    "treefmt-nix": {
      "inputs": {
        "nixpkgs": [
          "nixpkgs"
        ]
      },
      "locked": {
        "lastModified": 1730321837,
        "narHash": "sha256-vK+a09qq19QNu2MlLcvN4qcRctJbqWkX7ahgPZ/+maI=",
        "owner": "numtide",
        "repo": "treefmt-nix",
        "rev": "746901bb8dba96d154b66492a29f5db0693dbfcc",
        "type": "github"
      },
      "original": {
        "owner": "numtide",
        "repo": "treefmt-nix",
        "type": "github"
      }
    },
    "umu": {
      "inputs": {
        "nixpkgs": [
          "nix-gaming",
          "nixpkgs"
        ]
      },
      "locked": {
        "dir": "packaging/nix",
        "lastModified": 1730559589,
        "narHash": "sha256-o4NT2Kt7yEA63j38Ic5mrh2U/iQjs3YSNvIbCccIYP0=",
        "ref": "refs/heads/main",
        "rev": "70645c290dfc6ed10282bf4d2ae38c0bf7b1a3fb",
        "revCount": 830,
        "submodules": true,
        "type": "git",
        "url": "https://github.com/Open-Wine-Components/umu-launcher/?dir=packaging/nix"
      },
      "original": {
        "dir": "packaging/nix",
        "submodules": true,
        "type": "git",
        "url": "https://github.com/Open-Wine-Components/umu-launcher/?dir=packaging/nix"
      }
    },
    "vpnconfinement": {
      "inputs": {
        "flake-parts": "flake-parts_3",
        "nixpkgs": [
          "nixarr",
          "nixpkgs"
        ]
      },
      "locked": {
        "lastModified": 1725824375,
        "narHash": "sha256-c0nVYn1Jcjqt7XLXRM7jBmkvwMu+qcUVO7AL8+ZwiaQ=",
        "owner": "Maroka-chan",
        "repo": "VPN-Confinement",
        "rev": "0fc1023446e906094fef69ccd6991d8659b34d42",
        "type": "github"
      },
      "original": {
        "owner": "Maroka-chan",
        "repo": "VPN-Confinement",
        "type": "github"
      }
    },
    "zen-browser": {
      "inputs": {
        "nixpkgs": [
          "nixpkgs"
        ]
      },
      "locked": {
        "lastModified": 1730647781,
        "narHash": "sha256-+UK/IVvDa1CkZTksIMkn4f2/K7+F35Joh55BHN00shg=",
        "owner": "0xc000022070",
        "repo": "zen-browser-flake",
        "rev": "23f1d349d5f8c5f23818d1776c0266729d3948c4",
        "type": "github"
      },
      "original": {
        "owner": "0xc000022070",
        "repo": "zen-browser-flake",
        "type": "github"
      }
    },
    "zmk-nix": {
      "inputs": {
        "nixpkgs": [
          "nixpkgs"
        ]
      },
      "locked": {
        "lastModified": 1730663558,
        "narHash": "sha256-qJG7KoBmO326k4c3JnUI8cQ0aEi5tx/bnQl2nIw1hnI=",
        "owner": "lilyinstarlight",
        "repo": "zmk-nix",
        "rev": "f9fceeff2451a0db6fb72909e7f30868151ea175",
        "type": "github"
      },
      "original": {
        "owner": "lilyinstarlight",
        "repo": "zmk-nix",
        "type": "github"
      }
    }
  },
  "root": "root",
  "version": 7
}
