{
  "nodes": {
    "disko": {
      "inputs": {
        "nixpkgs": [
          "nixpkgs"
        ]
      },
      "locked": {
        "lastModified": 1698422527,
        "narHash": "sha256-SDu3Xg263t3oXIyTaH0buOvFnKIDeZsvKDBtOz+jRbs=",
        "owner": "nix-community",
        "repo": "disko",
        "rev": "944d338d24a9d043a3f7461c30ee6cfe4f9cca30",
        "type": "github"
      },
      "original": {
        "owner": "nix-community",
        "repo": "disko",
        "type": "github"
      }
    },
    "home-manager": {
      "inputs": {
        "nixpkgs": [
          "nixpkgs"
        ]
      },
      "locked": {
        "lastModified": 1698873617,
        "narHash": "sha256-FfGFcfbULwbK1vD+H0rslIOfmy4g8f2hXiPkQG3ZCTk=",
        "owner": "nix-community",
        "repo": "home-manager",
        "rev": "48b0a30202516e25d9885525fbb200a045f23f26",
        "type": "github"
      },
      "original": {
        "owner": "nix-community",
        "repo": "home-manager",
        "type": "github"
      }
    },
    "nixpkgs": {
      "locked": {
        "lastModified": 1698611440,
        "narHash": "sha256-jPjHjrerhYDy3q9+s5EAsuhyhuknNfowY6yt6pjn9pc=",
        "owner": "NixOS",
        "repo": "nixpkgs",
        "rev": "0cbe9f69c234a7700596e943bfae7ef27a31b735",
        "type": "github"
      },
      "original": {
        "owner": "NixOS",
        "ref": "nixos-unstable",
        "repo": "nixpkgs",
        "type": "github"
      }
    },
    "root": {
      "inputs": {
        "disko": "disko",
        "home-manager": "home-manager",
        "nixpkgs": "nixpkgs"
      }
    }
  },
  "root": "root",
  "version": 7
}
